// !$*UTF8*$!
{
	archiveVersion = 1;
	classes = {
	};
	objectVersion = 50;
	objects = {

/* Begin PBXBuildFile section */
		0424530B263C4FA6004E9E6A /* AppDelegate.swift in Sources */ = {isa = PBXBuildFile; fileRef = 0424530A263C4FA6004E9E6A /* AppDelegate.swift */; };
		0424530D263C4FA6004E9E6A /* SceneDelegate.swift in Sources */ = {isa = PBXBuildFile; fileRef = 0424530C263C4FA6004E9E6A /* SceneDelegate.swift */; };
		0424530F263C4FA6004E9E6A /* EditorViewController.swift in Sources */ = {isa = PBXBuildFile; fileRef = 0424530E263C4FA6004E9E6A /* EditorViewController.swift */; };
		04245312263C4FA6004E9E6A /* Main.storyboard in Resources */ = {isa = PBXBuildFile; fileRef = 04245310263C4FA6004E9E6A /* Main.storyboard */; };
		04245314263C4FA8004E9E6A /* Assets.xcassets in Resources */ = {isa = PBXBuildFile; fileRef = 04245313263C4FA8004E9E6A /* Assets.xcassets */; };
		04245317263C4FA8004E9E6A /* LaunchScreen.storyboard in Resources */ = {isa = PBXBuildFile; fileRef = 04245315263C4FA8004E9E6A /* LaunchScreen.storyboard */; };
		E1402BE5277CBB7700D31884 /* TemplateDataSource.swift in Sources */ = {isa = PBXBuildFile; fileRef = E1402BE4277CBB7700D31884 /* TemplateDataSource.swift */; };
		E1C84B5A2772336C00B3BA82 /* TokenStore.swift in Sources */ = {isa = PBXBuildFile; fileRef = E1C84B592772336C00B3BA82 /* TokenStore.swift */; };
		E1C84B5C2772362600B3BA82 /* ContinuationToken.swift in Sources */ = {isa = PBXBuildFile; fileRef = E1C84B5B2772362600B3BA82 /* ContinuationToken.swift */; };
		E1C84B5E27723DB300B3BA82 /* FinishedDesignToken.swift in Sources */ = {isa = PBXBuildFile; fileRef = E1C84B5D27723DB300B3BA82 /* FinishedDesignToken.swift */; };
		E1EFC99E275FA43000BBC12D /* TemplateListViewController.swift in Sources */ = {isa = PBXBuildFile; fileRef = E1EFC99D275FA43000BBC12D /* TemplateListViewController.swift */; };
		E1FAA8FB2760DA780068448D /* TemplateTableViewCell.swift in Sources */ = {isa = PBXBuildFile; fileRef = E1FAA8FA2760DA780068448D /* TemplateTableViewCell.swift */; };
		F2E2AA692F1523A300A4957A /* WebKit.framework in Frameworks */ = {isa = PBXBuildFile; fileRef = F2E2AA682F1523A300A4957A /* WebKit.framework */; };
		F2E58B162ED85E9D00166363 /* panel-ui-ios.html in Resources */ = {isa = PBXBuildFile; fileRef = F2E58B152ED85E7C00166363 /* panel-ui-ios.html */; };
/* End PBXBuildFile section */

/* Begin PBXFileReference section */
		04245307263C4FA6004E9E6A /* Printess Editor.app */ = {isa = PBXFileReference; explicitFileType = wrapper.application; includeInIndex = 0; path = "Printess Editor.app"; sourceTree = BUILT_PRODUCTS_DIR; };
		0424530A263C4FA6004E9E6A /* AppDelegate.swift */ = {isa = PBXFileReference; lastKnownFileType = sourcecode.swift; path = AppDelegate.swift; sourceTree = "<group>"; };
		0424530C263C4FA6004E9E6A /* SceneDelegate.swift */ = {isa = PBXFileReference; lastKnownFileType = sourcecode.swift; path = SceneDelegate.swift; sourceTree = "<group>"; };
		0424530E263C4FA6004E9E6A /* EditorViewController.swift */ = {isa = PBXFileReference; lastKnownFileType = sourcecode.swift; path = EditorViewController.swift; sourceTree = "<group>"; };
		04245311263C4FA6004E9E6A /* Base */ = {isa = PBXFileReference; lastKnownFileType = file.storyboard; name = Base; path = Base.lproj/Main.storyboard; sourceTree = "<group>"; };
		04245313263C4FA8004E9E6A /* Assets.xcassets */ = {isa = PBXFileReference; lastKnownFileType = folder.assetcatalog; path = Assets.xcassets; sourceTree = "<group>"; };
		04245316263C4FA8004E9E6A /* Base */ = {isa = PBXFileReference; lastKnownFileType = file.storyboard; name = Base; path = Base.lproj/LaunchScreen.storyboard; sourceTree = "<group>"; };
		04245318263C4FA8004E9E6A /* Info.plist */ = {isa = PBXFileReference; lastKnownFileType = text.plist.xml; path = Info.plist; sourceTree = "<group>"; };
		E1402BE4277CBB7700D31884 /* TemplateDataSource.swift */ = {isa = PBXFileReference; lastKnownFileType = sourcecode.swift; path = TemplateDataSource.swift; sourceTree = "<group>"; };
		E1C84B592772336C00B3BA82 /* TokenStore.swift */ = {isa = PBXFileReference; lastKnownFileType = sourcecode.swift; path = TokenStore.swift; sourceTree = "<group>"; };
		E1C84B5B2772362600B3BA82 /* ContinuationToken.swift */ = {isa = PBXFileReference; lastKnownFileType = sourcecode.swift; path = ContinuationToken.swift; sourceTree = "<group>"; };
		E1C84B5D27723DB300B3BA82 /* FinishedDesignToken.swift */ = {isa = PBXFileReference; lastKnownFileType = sourcecode.swift; path = FinishedDesignToken.swift; sourceTree = "<group>"; };
		E1EFC99D275FA43000BBC12D /* TemplateListViewController.swift */ = {isa = PBXFileReference; lastKnownFileType = sourcecode.swift; path = TemplateListViewController.swift; sourceTree = "<group>"; };
		E1FAA8FA2760DA780068448D /* TemplateTableViewCell.swift */ = {isa = PBXFileReference; lastKnownFileType = sourcecode.swift; path = TemplateTableViewCell.swift; sourceTree = "<group>"; };
		F2E2AA682F1523A300A4957A /* WebKit.framework */ = {isa = PBXFileReference; lastKnownFileType = wrapper.framework; name = WebKit.framework; path = System/Library/Frameworks/WebKit.framework; sourceTree = SDKROOT; };
		F2E58B152ED85E7C00166363 /* panel-ui-ios.html */ = {isa = PBXFileReference; lastKnownFileType = text.html; path = "panel-ui-ios.html"; sourceTree = "<group>"; };
/* End PBXFileReference section */

/* Begin PBXFrameworksBuildPhase section */
		04245304263C4FA6004E9E6A /* Frameworks */ = {
			isa = PBXFrameworksBuildPhase;
			buildActionMask = 2147483647;
			files = (
				F2E2AA692F1523A300A4957A /* WebKit.framework in Frameworks */,
			);
			runOnlyForDeploymentPostprocessing = 0;
		};
/* End PBXFrameworksBuildPhase section */

/* Begin PBXGroup section */
		042452FE263C4FA6004E9E6A = {
			isa = PBXGroup;
			children = (
				04245309263C4FA6004E9E6A /* Printess Editor */,
				F2E2AA672F1523A300A4957A /* Frameworks */,
				04245308263C4FA6004E9E6A /* Products */,
			);
			sourceTree = "<group>";
		};
		04245308263C4FA6004E9E6A /* Products */ = {
			isa = PBXGroup;
			children = (
				04245307263C4FA6004E9E6A /* Printess Editor.app */,
			);
			name = Products;
			sourceTree = "<group>";
		};
		04245309263C4FA6004E9E6A /* Printess Editor */ = {
			isa = PBXGroup;
			children = (
				F2E58B152ED85E7C00166363 /* panel-ui-ios.html */,
				0424530A263C4FA6004E9E6A /* AppDelegate.swift */,
				0424530C263C4FA6004E9E6A /* SceneDelegate.swift */,
				0424530E263C4FA6004E9E6A /* EditorViewController.swift */,
				04245310263C4FA6004E9E6A /* Main.storyboard */,
				04245313263C4FA8004E9E6A /* Assets.xcassets */,
				04245315263C4FA8004E9E6A /* LaunchScreen.storyboard */,
				04245318263C4FA8004E9E6A /* Info.plist */,
				E1EFC99D275FA43000BBC12D /* TemplateListViewController.swift */,
				E1FAA8FA2760DA780068448D /* TemplateTableViewCell.swift */,
				E1C84B592772336C00B3BA82 /* TokenStore.swift */,
				E1C84B5D27723DB300B3BA82 /* FinishedDesignToken.swift */,
				E1C84B5B2772362600B3BA82 /* ContinuationToken.swift */,
				E1402BE4277CBB7700D31884 /* TemplateDataSource.swift */,
			);
			path = "Printess Editor";
			sourceTree = "<group>";
		};
		F2E2AA672F1523A300A4957A /* Frameworks */ = {
			isa = PBXGroup;
			children = (
				F2E2AA682F1523A300A4957A /* WebKit.framework */,
			);
			name = Frameworks;
			sourceTree = "<group>";
		};
/* End PBXGroup section */

/* Begin PBXNativeTarget section */
		04245306263C4FA6004E9E6A /* Printess Editor */ = {
			isa = PBXNativeTarget;
			buildConfigurationList = 0424531B263C4FA8004E9E6A /* Build configuration list for PBXNativeTarget "Printess Editor" */;
			buildPhases = (
				04245303263C4FA6004E9E6A /* Sources */,
				04245304263C4FA6004E9E6A /* Frameworks */,
				04245305263C4FA6004E9E6A /* Resources */,
			);
			buildRules = (
			);
			dependencies = (
			);
			name = "Printess Editor";
			productName = "Printess Editor";
			productReference = 04245307263C4FA6004E9E6A /* Printess Editor.app */;
			productType = "com.apple.product-type.application";
		};
/* End PBXNativeTarget section */

/* Begin PBXProject section */
		042452FF263C4FA6004E9E6A /* Project object */ = {
			isa = PBXProject;
			attributes = {
				LastSwiftUpdateCheck = 1150;
				LastUpgradeCheck = 1150;
				ORGANIZATIONNAME = "Printess GmbH & Co. KG";
				TargetAttributes = {
					04245306263C4FA6004E9E6A = {
						CreatedOnToolsVersion = 11.5;
					};
				};
			};
			buildConfigurationList = 04245302263C4FA6004E9E6A /* Build configuration list for PBXProject "Printess Editor" */;
			compatibilityVersion = "Xcode 9.3";
			developmentRegion = en;
			hasScannedForEncodings = 0;
			knownRegions = (
				en,
				Base,
			);
			mainGroup = 042452FE263C4FA6004E9E6A;
			productRefGroup = 04245308263C4FA6004E9E6A /* Products */;
			projectDirPath = "";
			projectRoot = "";
			targets = (
				04245306263C4FA6004E9E6A /* Printess Editor */,
			);
		};
/* End PBXProject section */

/* Begin PBXResourcesBuildPhase section */
		04245305263C4FA6004E9E6A /* Resources */ = {
			isa = PBXResourcesBuildPhase;
			buildActionMask = 2147483647;
			files = (
				04245317263C4FA8004E9E6A /* LaunchScreen.storyboard in Resources */,
				04245314263C4FA8004E9E6A /* Assets.xcassets in Resources */,
				04245312263C4FA6004E9E6A /* Main.storyboard in Resources */,
				F2E58B162ED85E9D00166363 /* panel-ui-ios.html in Resources */,
			);
			runOnlyForDeploymentPostprocessing = 0;
		};
/* End PBXResourcesBuildPhase section */

/* Begin PBXSourcesBuildPhase section */
		04245303263C4FA6004E9E6A /* Sources */ = {
			isa = PBXSourcesBuildPhase;
			buildActionMask = 2147483647;
			files = (
				E1EFC99E275FA43000BBC12D /* TemplateListViewController.swift in Sources */,
				E1C84B5E27723DB300B3BA82 /* FinishedDesignToken.swift in Sources */,
				0424530F263C4FA6004E9E6A /* EditorViewController.swift in Sources */,
				E1402BE5277CBB7700D31884 /* TemplateDataSource.swift in Sources */,
				E1C84B5C2772362600B3BA82 /* ContinuationToken.swift in Sources */,
				0424530B263C4FA6004E9E6A /* AppDelegate.swift in Sources */,
				0424530D263C4FA6004E9E6A /* SceneDelegate.swift in Sources */,
				E1FAA8FB2760DA780068448D /* TemplateTableViewCell.swift in Sources */,
				E1C84B5A2772336C00B3BA82 /* TokenStore.swift in Sources */,
			);
			runOnlyForDeploymentPostprocessing = 0;
		};
/* End PBXSourcesBuildPhase section */

/* Begin PBXVariantGroup section */
		04245310263C4FA6004E9E6A /* Main.storyboard */ = {
			isa = PBXVariantGroup;
			children = (
				04245311263C4FA6004E9E6A /* Base */,
			);
			name = Main.storyboard;
			sourceTree = "<group>";
		};
		04245315263C4FA8004E9E6A /* LaunchScreen.storyboard */ = {
			isa = PBXVariantGroup;
			children = (
				04245316263C4FA8004E9E6A /* Base */,
			);
			name = LaunchScreen.storyboard;
			sourceTree = "<group>";
		};
/* End PBXVariantGroup section */

/* Begin XCBuildConfiguration section */
		04245319263C4FA8004E9E6A /* Debug */ = {
			isa = XCBuildConfiguration;
			buildSettings = {
				ALWAYS_SEARCH_USER_PATHS = NO;
				CLANG_ANALYZER_NONNULL = YES;
				CLANG_ANALYZER_NUMBER_OBJECT_CONVERSION = YES_AGGRESSIVE;
				CLANG_CXX_LANGUAGE_STANDARD = "gnu++14";
				CLANG_CXX_LIBRARY = "libc++";
				CLANG_ENABLE_MODULES = YES;
				CLANG_ENABLE_OBJC_ARC = YES;
				CLANG_ENABLE_OBJC_WEAK = YES;
				CLANG_WARN_BLOCK_CAPTURE_AUTORELEASING = YES;
				CLANG_WARN_BOOL_CONVERSION = YES;
				CLANG_WARN_COMMA = YES;
				CLANG_WARN_CONSTANT_CONVERSION = YES;
				CLANG_WARN_DEPRECATED_OBJC_IMPLEMENTATIONS = YES;
				CLANG_WARN_DIRECT_OBJC_ISA_USAGE = YES_ERROR;
				CLANG_WARN_DOCUMENTATION_COMMENTS = YES;
				CLANG_WARN_EMPTY_BODY = YES;
				CLANG_WARN_ENUM_CONVERSION = YES;
				CLANG_WARN_INFINITE_RECURSION = YES;
				CLANG_WARN_INT_CONVERSION = YES;
				CLANG_WARN_NON_LITERAL_NULL_CONVERSION = YES;
				CLANG_WARN_OBJC_IMPLICIT_RETAIN_SELF = YES;
				CLANG_WARN_OBJC_LITERAL_CONVERSION = YES;
				CLANG_WARN_OBJC_ROOT_CLASS = YES_ERROR;
				CLANG_WARN_RANGE_LOOP_ANALYSIS = YES;
				CLANG_WARN_STRICT_PROTOTYPES = YES;
				CLANG_WARN_SUSPICIOUS_MOVE = YES;
				CLANG_WARN_UNGUARDED_AVAILABILITY = YES_AGGRESSIVE;
				CLANG_WARN_UNREACHABLE_CODE = YES;
				CLANG_WARN__DUPLICATE_METHOD_MATCH = YES;
				COPY_PHASE_STRIP = NO;
				DEBUG_INFORMATION_FORMAT = dwarf;
				ENABLE_STRICT_OBJC_MSGSEND = YES;
				ENABLE_TESTABILITY = YES;
				GCC_C_LANGUAGE_STANDARD = gnu11;
				GCC_DYNAMIC_NO_PIC = NO;
				GCC_NO_COMMON_BLOCKS = YES;
				GCC_OPTIMIZATION_LEVEL = 0;
				GCC_PREPROCESSOR_DEFINITIONS = (
					"DEBUG=1",
					"$(inherited)",
				);
				GCC_WARN_64_TO_32_BIT_CONVERSION = YES;
				GCC_WARN_ABOUT_RETURN_TYPE = YES_ERROR;
				GCC_WARN_UNDECLARED_SELECTOR = YES;
				GCC_WARN_UNINITIALIZED_AUTOS = YES_AGGRESSIVE;
				GCC_WARN_UNUSED_FUNCTION = YES;
				GCC_WARN_UNUSED_VARIABLE = YES;
				IPHONEOS_DEPLOYMENT_TARGET = 14.0;
				MTL_ENABLE_DEBUG_INFO = INCLUDE_SOURCE;
				MTL_FAST_MATH = YES;
				ONLY_ACTIVE_ARCH = YES;
				SDKROOT = iphoneos;
				SWIFT_ACTIVE_COMPILATION_CONDITIONS = DEBUG;
				SWIFT_OPTIMIZATION_LEVEL = "-Onone";
			};
			name = Debug;
		};
		0424531A263C4FA8004E9E6A /* Release */ = {
			isa = XCBuildConfiguration;
			buildSettings = {
				ALWAYS_SEARCH_USER_PATHS = NO;
				CLANG_ANALYZER_NONNULL = YES;
				CLANG_ANALYZER_NUMBER_OBJECT_CONVERSION = YES_AGGRESSIVE;
				CLANG_CXX_LANGUAGE_STANDARD = "gnu++14";
				CLANG_CXX_LIBRARY = "libc++";
				CLANG_ENABLE_MODULES = YES;
				CLANG_ENABLE_OBJC_ARC = YES;
				CLANG_ENABLE_OBJC_WEAK = YES;
				CLANG_WARN_BLOCK_CAPTURE_AUTORELEASING = YES;
				CLANG_WARN_BOOL_CONVERSION = YES;
				CLANG_WARN_COMMA = YES;
				CLANG_WARN_CONSTANT_CONVERSION = YES;
				CLANG_WARN_DEPRECATED_OBJC_IMPLEMENTATIONS = YES;
				CLANG_WARN_DIRECT_OBJC_ISA_USAGE = YES_ERROR;
				CLANG_WARN_DOCUMENTATION_COMMENTS = YES;
				CLANG_WARN_EMPTY_BODY = YES;
				CLANG_WARN_ENUM_CONVERSION = YES;
				CLANG_WARN_INFINITE_RECURSION = YES;
				CLANG_WARN_INT_CONVERSION = YES;
				CLANG_WARN_NON_LITERAL_NULL_CONVERSION = YES;
				CLANG_WARN_OBJC_IMPLICIT_RETAIN_SELF = YES;
				CLANG_WARN_OBJC_LITERAL_CONVERSION = YES;
				CLANG_WARN_OBJC_ROOT_CLASS = YES_ERROR;
				CLANG_WARN_RANGE_LOOP_ANALYSIS = YES;
				CLANG_WARN_STRICT_PROTOTYPES = YES;
				CLANG_WARN_SUSPICIOUS_MOVE = YES;
				CLANG_WARN_UNGUARDED_AVAILABILITY = YES_AGGRESSIVE;
				CLANG_WARN_UNREACHABLE_CODE = YES;
				CLANG_WARN__DUPLICATE_METHOD_MATCH = YES;
				COPY_PHASE_STRIP = NO;
				DEBUG_INFORMATION_FORMAT = "dwarf-with-dsym";
				ENABLE_NS_ASSERTIONS = NO;
				ENABLE_STRICT_OBJC_MSGSEND = YES;
				GCC_C_LANGUAGE_STANDARD = gnu11;
				GCC_NO_COMMON_BLOCKS = YES;
				GCC_WARN_64_TO_32_BIT_CONVERSION = YES;
				GCC_WARN_ABOUT_RETURN_TYPE = YES_ERROR;
				GCC_WARN_UNDECLARED_SELECTOR = YES;
				GCC_WARN_UNINITIALIZED_AUTOS = YES_AGGRESSIVE;
				GCC_WARN_UNUSED_FUNCTION = YES;
				GCC_WARN_UNUSED_VARIABLE = YES;
				IPHONEOS_DEPLOYMENT_TARGET = 14.0;
				MTL_ENABLE_DEBUG_INFO = NO;
				MTL_FAST_MATH = YES;
				SDKROOT = iphoneos;
				SWIFT_COMPILATION_MODE = wholemodule;
				SWIFT_OPTIMIZATION_LEVEL = "-O";
				VALIDATE_PRODUCT = YES;
			};
			name = Release;
		};
		0424531C263C4FA8004E9E6A /* Debug */ = {
			isa = XCBuildConfiguration;
			buildSettings = {
				ASSETCATALOG_COMPILER_APPICON_NAME = AppIcon;
				CODE_SIGN_STYLE = Automatic;
				CURRENT_PROJECT_VERSION = 3;
				DEVELOPMENT_TEAM = R5A7982259;
				INFOPLIST_FILE = "Printess Editor/Info.plist";
				IPHONEOS_DEPLOYMENT_TARGET = 13.0;
				LD_RUNPATH_SEARCH_PATHS = (
					"$(inherited)",
					"@executable_path/Frameworks",
				);
				MARKETING_VERSION = 1.0;
				PRODUCT_BUNDLE_IDENTIFIER = "com.printess.printess-editor";
				PRODUCT_NAME = "$(TARGET_NAME)";
				SWIFT_VERSION = 5.0;
				TARGETED_DEVICE_FAMILY = "1,2";
			};
			name = Debug;
		};
		0424531D263C4FA8004E9E6A /* Release */ = {
			isa = XCBuildConfiguration;
			buildSettings = {
				ASSETCATALOG_COMPILER_APPICON_NAME = AppIcon;
				CODE_SIGN_STYLE = Automatic;
				CURRENT_PROJECT_VERSION = 3;
				DEVELOPMENT_TEAM = R5A7982259;
				INFOPLIST_FILE = "Printess Editor/Info.plist";
				IPHONEOS_DEPLOYMENT_TARGET = 13.0;
				LD_RUNPATH_SEARCH_PATHS = (
					"$(inherited)",
					"@executable_path/Frameworks",
				);
				MARKETING_VERSION = 1.0;
				PRODUCT_BUNDLE_IDENTIFIER = "com.printess.printess-editor";
				PRODUCT_NAME = "$(TARGET_NAME)";
				SWIFT_VERSION = 5.0;
				TARGETED_DEVICE_FAMILY = "1,2";
			};
			name = Release;
		};
/* End XCBuildConfiguration section */

/* Begin XCConfigurationList section */
		04245302263C4FA6004E9E6A /* Build configuration list for PBXProject "Printess Editor" */ = {
			isa = XCConfigurationList;
			buildConfigurations = (
				04245319263C4FA8004E9E6A /* Debug */,
				0424531A263C4FA8004E9E6A /* Release */,
			);
			defaultConfigurationIsVisible = 0;
			defaultConfigurationName = Release;
		};
		0424531B263C4FA8004E9E6A /* Build configuration list for PBXNativeTarget "Printess Editor" */ = {
			isa = XCConfigurationList;
			buildConfigurations = (
				0424531C263C4FA8004E9E6A /* Debug */,
				0424531D263C4FA8004E9E6A /* Release */,
			);
			defaultConfigurationIsVisible = 0;
			defaultConfigurationName = Release;
		};
/* End XCConfigurationList section */
	};
	rootObject = 042452FF263C4FA6004E9E6A /* Project object */;
}
